github.com/andlabs/ui v0.0.0-20180902183112-867a9e5a498d h1:4ianvxb8s3oyizgjuWWxGuTAUU+6JStcvj6BuHS4PVY=
github.com/andlabs/ui v0.0.0-20180902183112-867a9e5a498d/go.mod h1:5G2EjwzgZUPnnReoKvPWVneT8APYbyKkihDVAHUi0II=
github.com/gorilla/websocket v1.4.2 h1:+/TMaTYc4QFitKJxsQ7Yye35DkWvkdLcvGKqM+x0Ufc=
github.com/gorilla/websocket v1.4.2/go.mod h1:YR8l580nyteQvAITg2hZ9XVh4b55+EU/adAjf1fMHhE=
github.com/xs25cn/scanPort v0.0.0-20200114082402-de773d2b0349 h1:LiOup1tqT5JBX3qqx7W/EuxlpC8qdXwvDUJoh5Jx29Y=
github.com/xs25cn/scanPort v0.0.0-20200114082402-de773d2b0349/go.mod h1:58FA6hO8hjia6CYDd2fOJ3p0eo04x5WFNLEvDsuvecE=
